
Microsoft Visual Studio Solution File, Format Version 12.00
# Visual Studio Version 17
VisualStudioVersion = 17.11.35327.3
MinimumVisualStudioVersion = 10.0.40219.1
Project("{9A19103F-16F7-4668-BE54-9A1E7A4F7556}") = "WPF Company Management System", "WPF Company Management System\WPF Company Management System.csproj", "{B9CEDDF7-ADBA-4DAD-820E-61ADED2C179C}"
EndProject
Project("{FAE04EC0-301F-11D3-BF4B-00C04F79EFBC}") = "DataAccess", "DataAccess\DataAccess.csproj", "{1728770B-FA47-44DA-8808-C484CAF8026E}"
EndProject
Global
	GlobalSection(SolutionConfigurationPlatforms) = preSolution
		Debug|Any CPU = Debug|Any CPU
		Release|Any CPU = Release|Any CPU
	EndGlobalSection
	GlobalSection(ProjectConfigurationPlatforms) = postSolution
		{B9CEDDF7-ADBA-4DAD-820E-61ADED2C179C}.Debug|Any CPU.ActiveCfg = Debug|Any CPU
		{B9CEDDF7-ADBA-4DAD-820E-61ADED2C179C}.Debug|Any CPU.Build.0 = Debug|Any CPU
		{B9CEDDF7-ADBA-4DAD-820E-61ADED2C179C}.Release|Any CPU.ActiveCfg = Release|Any CPU
		{B9CEDDF7-ADBA-4DAD-820E-61ADED2C179C}.Release|Any CPU.Build.0 = Release|Any CPU
		{1728770B-FA47-44DA-8808-C484CAF8026E}.Debug|Any CPU.ActiveCfg = Debug|Any CPU
		{1728770B-FA47-44DA-8808-C484CAF8026E}.Debug|Any CPU.Build.0 = Debug|Any CPU
		{1728770B-FA47-44DA-8808-C484CAF8026E}.Release|Any CPU.ActiveCfg = Release|Any CPU
		{1728770B-FA47-44DA-8808-C484CAF8026E}.Release|Any CPU.Build.0 = Release|Any CPU
	EndGlobalSection
	GlobalSection(SolutionProperties) = preSolution
		HideSolutionNode = FALSE
	EndGlobalSection
	GlobalSection(ExtensibilityGlobals) = postSolution
		SolutionGuid = {501FEE67-2E93-4A9D-8BB4-3E20478D26FF}
	EndGlobalSection
EndGlobal
